
Microsoft Visual Studio Solution File, Format Version 12.00
# Visual Studio Version 16
VisualStudioVersion = 16.0.30503.244
MinimumVisualStudioVersion = 10.0.40219.1
Project("{FAE04EC0-301F-11D3-BF4B-00C04F79EFBC}") = "WpfHost", "WpfHost\WpfHost.csproj", "{CB95C363-2935-4E51-8763-141706CDF008}"
EndProject
Global
	GlobalSection(SolutionConfigurationPlatforms) = preSolution
		Debug|Any CPU = Debug|Any CPU
		Release|Any CPU = Release|Any CPU
	EndGlobalSection
	GlobalSection(ProjectConfigurationPlatforms) = postSolution
		{CB95C363-2935-4E51-8763-141706CDF008}.Debug|Any CPU.ActiveCfg = Debug|Any CPU
		{CB95C363-2935-4E51-8763-141706CDF008}.Debug|Any CPU.Build.0 = Debug|Any CPU
		{CB95C363-2935-4E51-8763-141706CDF008}.Release|Any CPU.ActiveCfg = Release|Any CPU
		{CB95C363-2935-4E51-8763-141706CDF008}.Release|Any CPU.Build.0 = Release|Any CPU
	EndGlobalSection
	GlobalSection(SolutionProperties) = preSolution
		HideSolutionNode = FALSE
	EndGlobalSection
	GlobalSection(ExtensibilityGlobals) = postSolution
		SolutionGuid = {C8A6F7A8-408B-4600-A7A9-DEC792607348}
	EndGlobalSection
EndGlobal
